
Microsoft Visual Studio Solution File, Format Version 12.00
# Visual Studio Version 17
VisualStudioVersion = 17.5.33424.131
MinimumVisualStudioVersion = 10.0.40219.1
Project("{FAE04EC0-301F-11D3-BF4B-00C04F79EFBC}") = "clickBtn", "clickBtn\clickBtn.csproj", "{8EBE6051-42A9-492B-AAAF-61F493A01A70}"
EndProject
Global
	GlobalSection(SolutionConfigurationPlatforms) = preSolution
		Debug|Any CPU = Debug|Any CPU
		Release|Any CPU = Release|Any CPU
	EndGlobalSection
	GlobalSection(ProjectConfigurationPlatforms) = postSolution
		{8EBE6051-42A9-492B-AAAF-61F493A01A70}.Debug|Any CPU.ActiveCfg = Debug|Any CPU
		{8EBE6051-42A9-492B-AAAF-61F493A01A70}.Debug|Any CPU.Build.0 = Debug|Any CPU
		{8EBE6051-42A9-492B-AAAF-61F493A01A70}.Release|Any CPU.ActiveCfg = Release|Any CPU
		{8EBE6051-42A9-492B-AAAF-61F493A01A70}.Release|Any CPU.Build.0 = Release|Any CPU
	EndGlobalSection
	GlobalSection(SolutionProperties) = preSolution
		HideSolutionNode = FALSE
	EndGlobalSection
	GlobalSection(ExtensibilityGlobals) = postSolution
		SolutionGuid = {031F16B9-A6F8-4B60-8ECE-30992A6222E5}
	EndGlobalSection
EndGlobal
